
Microsoft Visual Studio Solution File, Format Version 12.00
# Visual Studio 14
VisualStudioVersion = 14.0.25420.1
MinimumVisualStudioVersion = 10.0.40219.1
Project("{FAE04EC0-301F-11D3-BF4B-00C04F79EFBC}") = "Abp.TinyMapper", "Abp.TinyMapper\Abp.TinyMapper.csproj", "{A172F3CC-CF91-4232-BAE1-7F282BD24BA6}"
EndProject
Global
	GlobalSection(SolutionConfigurationPlatforms) = preSolution
		Debug|Any CPU = Debug|Any CPU
		Release|Any CPU = Release|Any CPU
	EndGlobalSection
	GlobalSection(ProjectConfigurationPlatforms) = postSolution
		{A172F3CC-CF91-4232-BAE1-7F282BD24BA6}.Debug|Any CPU.ActiveCfg = Debug|Any CPU
		{A172F3CC-CF91-4232-BAE1-7F282BD24BA6}.Debug|Any CPU.Build.0 = Debug|Any CPU
		{A172F3CC-CF91-4232-BAE1-7F282BD24BA6}.Release|Any CPU.ActiveCfg = Release|Any CPU
		{A172F3CC-CF91-4232-BAE1-7F282BD24BA6}.Release|Any CPU.Build.0 = Release|Any CPU
	EndGlobalSection
	GlobalSection(SolutionProperties) = preSolution
		HideSolutionNode = FALSE
	EndGlobalSection
EndGlobal
